
Microsoft Visual Studio Solution File, Format Version 12.00
# Visual Studio Version 17
VisualStudioVersion = 17.3.32825.248
MinimumVisualStudioVersion = 10.0.40219.1
Project("{FAE04EC0-301F-11D3-BF4B-00C04F79EFBC}") = "adminsys", "adminsys\adminsys.csproj", "{438DE761-E47A-4646-A583-F503C610317D}"
EndProject
Global
	GlobalSection(SolutionConfigurationPlatforms) = preSolution
		Debug|Any CPU = Debug|Any CPU
		Release|Any CPU = Release|Any CPU
	EndGlobalSection
	GlobalSection(ProjectConfigurationPlatforms) = postSolution
		{438DE761-E47A-4646-A583-F503C610317D}.Debug|Any CPU.ActiveCfg = Debug|Any CPU
		{438DE761-E47A-4646-A583-F503C610317D}.Debug|Any CPU.Build.0 = Debug|Any CPU
		{438DE761-E47A-4646-A583-F503C610317D}.Release|Any CPU.ActiveCfg = Release|Any CPU
		{438DE761-E47A-4646-A583-F503C610317D}.Release|Any CPU.Build.0 = Release|Any CPU
	EndGlobalSection
	GlobalSection(SolutionProperties) = preSolution
		HideSolutionNode = FALSE
	EndGlobalSection
	GlobalSection(ExtensibilityGlobals) = postSolution
		SolutionGuid = {32242C8A-9620-41F5-B379-56C58A0FD390}
	EndGlobalSection
EndGlobal
